
Microsoft Visual Studio Solution File, Format Version 12.00
# Visual Studio Version 16
VisualStudioVersion = 16.0.808.8
MinimumVisualStudioVersion = 10.0.40219.1
Project("{FAE04EC0-301F-11D3-BF4B-00C04F79EFBC}") = "1_Javascript_Intro", "1_Javascript_Intro\1_Javascript_Intro.csproj", "{C2966B7F-897F-4C5B-9F3B-73E01F820DEE}"
EndProject
Project("{FAE04EC0-301F-11D3-BF4B-00C04F79EFBC}") = "2_HTML_Basics", "2_HTML_Basics\2_HTML_Basics.csproj", "{960A6520-B42C-4862-8E7C-9D357AB65D41}"
EndProject
Project("{FAE04EC0-301F-11D3-BF4B-00C04F79EFBC}") = "3_Basic_css", "3_Basic_css\3_Basic_css.csproj", "{4BC2CB5B-4EE6-48E8-B114-F7498602FBC9}"
EndProject
Project("{FAE04EC0-301F-11D3-BF4B-00C04F79EFBC}") = "4_Javascript_Syntax", "4_Javascript_Syntax\4_Javascript_Syntax.csproj", "{1E908C19-4B99-42E7-B74A-723A1905BDC8}"
EndProject
Project("{FAE04EC0-301F-11D3-BF4B-00C04F79EFBC}") = "5_Javascript_Functions", "5_Javascript_Functions\5_Javascript_Functions.csproj", "{550AB723-1A13-4CDC-BB88-E2047041FAE1}"
EndProject
Global
	GlobalSection(SolutionConfigurationPlatforms) = preSolution
		Debug|Any CPU = Debug|Any CPU
		Release|Any CPU = Release|Any CPU
	EndGlobalSection
	GlobalSection(ProjectConfigurationPlatforms) = postSolution
		{C2966B7F-897F-4C5B-9F3B-73E01F820DEE}.Debug|Any CPU.ActiveCfg = Debug|Any CPU
		{C2966B7F-897F-4C5B-9F3B-73E01F820DEE}.Debug|Any CPU.Build.0 = Debug|Any CPU
		{C2966B7F-897F-4C5B-9F3B-73E01F820DEE}.Release|Any CPU.ActiveCfg = Release|Any CPU
		{C2966B7F-897F-4C5B-9F3B-73E01F820DEE}.Release|Any CPU.Build.0 = Release|Any CPU
		{960A6520-B42C-4862-8E7C-9D357AB65D41}.Debug|Any CPU.ActiveCfg = Debug|Any CPU
		{960A6520-B42C-4862-8E7C-9D357AB65D41}.Debug|Any CPU.Build.0 = Debug|Any CPU
		{960A6520-B42C-4862-8E7C-9D357AB65D41}.Release|Any CPU.ActiveCfg = Release|Any CPU
		{960A6520-B42C-4862-8E7C-9D357AB65D41}.Release|Any CPU.Build.0 = Release|Any CPU
		{4BC2CB5B-4EE6-48E8-B114-F7498602FBC9}.Debug|Any CPU.ActiveCfg = Debug|Any CPU
		{4BC2CB5B-4EE6-48E8-B114-F7498602FBC9}.Debug|Any CPU.Build.0 = Debug|Any CPU
		{4BC2CB5B-4EE6-48E8-B114-F7498602FBC9}.Release|Any CPU.ActiveCfg = Release|Any CPU
		{4BC2CB5B-4EE6-48E8-B114-F7498602FBC9}.Release|Any CPU.Build.0 = Release|Any CPU
		{1E908C19-4B99-42E7-B74A-723A1905BDC8}.Debug|Any CPU.ActiveCfg = Debug|Any CPU
		{1E908C19-4B99-42E7-B74A-723A1905BDC8}.Debug|Any CPU.Build.0 = Debug|Any CPU
		{1E908C19-4B99-42E7-B74A-723A1905BDC8}.Release|Any CPU.ActiveCfg = Release|Any CPU
		{1E908C19-4B99-42E7-B74A-723A1905BDC8}.Release|Any CPU.Build.0 = Release|Any CPU
		{550AB723-1A13-4CDC-BB88-E2047041FAE1}.Debug|Any CPU.ActiveCfg = Debug|Any CPU
		{550AB723-1A13-4CDC-BB88-E2047041FAE1}.Debug|Any CPU.Build.0 = Debug|Any CPU
		{550AB723-1A13-4CDC-BB88-E2047041FAE1}.Release|Any CPU.ActiveCfg = Release|Any CPU
		{550AB723-1A13-4CDC-BB88-E2047041FAE1}.Release|Any CPU.Build.0 = Release|Any CPU
	EndGlobalSection
	GlobalSection(SolutionProperties) = preSolution
		HideSolutionNode = FALSE
	EndGlobalSection
	GlobalSection(ExtensibilityGlobals) = postSolution
		SolutionGuid = {90EB75DE-5C65-40D4-9A46-982566707306}
	EndGlobalSection
	GlobalSection(MonoDevelopProperties) = preSolution
		Policies = $0
		$0.DotNetNamingPolicy = $1
		$1.DirectoryNamespaceAssociation = PrefixedHierarchical
		$0.VersionControlPolicy = $2
	EndGlobalSection
EndGlobal
